// !$*UTF8*$!
{
	archiveVersion = 1;
	classes = {
	};
	objectVersion = 45;
	objects = {

/* Begin PBXBuildFile section */
		1D3623260D0F684500981E51 /* AmosAppDelegate.m in Sources */ = {isa = PBXBuildFile; fileRef = 1D3623250D0F684500981E51 /* AmosAppDelegate.m */; };
		1D60589B0D05DD56006BFB54 /* main.m in Sources */ = {isa = PBXBuildFile; fileRef = 29B97316FDCFA39411CA2CEA /* main.m */; };
		1D60589F0D05DD5A006BFB54 /* Foundation.framework in Frameworks */ = {isa = PBXBuildFile; fileRef = 1D30AB110D05D00D00671497 /* Foundation.framework */; };
		1DF5F4E00D08C38300B7A737 /* UIKit.framework in Frameworks */ = {isa = PBXBuildFile; fileRef = 1DF5F4DF0D08C38300B7A737 /* UIKit.framework */; };
		288765A50DF7441C002DB57D /* CoreGraphics.framework in Frameworks */ = {isa = PBXBuildFile; fileRef = 288765A40DF7441C002DB57D /* CoreGraphics.framework */; };
		28D7ACF80DDB3853001CB0EB /* ModeAViewController.m in Sources */ = {isa = PBXBuildFile; fileRef = 28D7ACF70DDB3853001CB0EB /* ModeAViewController.m */; };
		8D3F8981126AB22D00379B3F /* Box2DConfig.cmake in Resources */ = {isa = PBXBuildFile; fileRef = 8D3F8927126AB22D00379B3F /* Box2DConfig.cmake */; };
		8D3F8982126AB22D00379B3F /* CMakeLists.txt in Resources */ = {isa = PBXBuildFile; fileRef = 8D3F8928126AB22D00379B3F /* CMakeLists.txt */; };
		8D3F8983126AB22D00379B3F /* b2BroadPhase.cpp in Sources */ = {isa = PBXBuildFile; fileRef = 8D3F892A126AB22D00379B3F /* b2BroadPhase.cpp */; };
		8D3F8984126AB22D00379B3F /* b2CollideCircle.cpp in Sources */ = {isa = PBXBuildFile; fileRef = 8D3F892C126AB22D00379B3F /* b2CollideCircle.cpp */; };
		8D3F8985126AB22D00379B3F /* b2CollideEdge.cpp in Sources */ = {isa = PBXBuildFile; fileRef = 8D3F892D126AB22D00379B3F /* b2CollideEdge.cpp */; };
		8D3F8986126AB22D00379B3F /* b2CollidePolygon.cpp in Sources */ = {isa = PBXBuildFile; fileRef = 8D3F892E126AB22D00379B3F /* b2CollidePolygon.cpp */; };
		8D3F8987126AB22D00379B3F /* b2Collision.cpp in Sources */ = {isa = PBXBuildFile; fileRef = 8D3F892F126AB22D00379B3F /* b2Collision.cpp */; };
		8D3F8988126AB22D00379B3F /* b2Distance.cpp in Sources */ = {isa = PBXBuildFile; fileRef = 8D3F8931126AB22D00379B3F /* b2Distance.cpp */; };
		8D3F8989126AB22D00379B3F /* b2DynamicTree.cpp in Sources */ = {isa = PBXBuildFile; fileRef = 8D3F8933126AB22D00379B3F /* b2DynamicTree.cpp */; };
		8D3F898A126AB22D00379B3F /* b2TimeOfImpact.cpp in Sources */ = {isa = PBXBuildFile; fileRef = 8D3F8935126AB22D00379B3F /* b2TimeOfImpact.cpp */; };
		8D3F898B126AB22D00379B3F /* b2CircleShape.cpp in Sources */ = {isa = PBXBuildFile; fileRef = 8D3F8938126AB22D00379B3F /* b2CircleShape.cpp */; };
		8D3F898C126AB22D00379B3F /* b2EdgeShape.cpp in Sources */ = {isa = PBXBuildFile; fileRef = 8D3F893A126AB22D00379B3F /* b2EdgeShape.cpp */; };
		8D3F898D126AB22D00379B3F /* b2LoopShape.cpp in Sources */ = {isa = PBXBuildFile; fileRef = 8D3F893C126AB22D00379B3F /* b2LoopShape.cpp */; };
		8D3F898E126AB22D00379B3F /* b2PolygonShape.cpp in Sources */ = {isa = PBXBuildFile; fileRef = 8D3F893E126AB22D00379B3F /* b2PolygonShape.cpp */; };
		8D3F898F126AB22D00379B3F /* b2BlockAllocator.cpp in Sources */ = {isa = PBXBuildFile; fileRef = 8D3F8942126AB22D00379B3F /* b2BlockAllocator.cpp */; };
		8D3F8990126AB22D00379B3F /* b2Math.cpp in Sources */ = {isa = PBXBuildFile; fileRef = 8D3F8945126AB22D00379B3F /* b2Math.cpp */; };
		8D3F8991126AB22D00379B3F /* b2Settings.cpp in Sources */ = {isa = PBXBuildFile; fileRef = 8D3F8947126AB22D00379B3F /* b2Settings.cpp */; };
		8D3F8992126AB22D00379B3F /* b2StackAllocator.cpp in Sources */ = {isa = PBXBuildFile; fileRef = 8D3F8949126AB22D00379B3F /* b2StackAllocator.cpp */; };
		8D3F8993126AB22D00379B3F /* b2Body.cpp in Sources */ = {isa = PBXBuildFile; fileRef = 8D3F894C126AB22D00379B3F /* b2Body.cpp */; };
		8D3F8994126AB22D00379B3F /* b2ContactManager.cpp in Sources */ = {isa = PBXBuildFile; fileRef = 8D3F894E126AB22D00379B3F /* b2ContactManager.cpp */; };
		8D3F8995126AB22D00379B3F /* b2Fixture.cpp in Sources */ = {isa = PBXBuildFile; fileRef = 8D3F8950126AB22D00379B3F /* b2Fixture.cpp */; };
		8D3F8996126AB22D00379B3F /* b2Island.cpp in Sources */ = {isa = PBXBuildFile; fileRef = 8D3F8952126AB22D00379B3F /* b2Island.cpp */; };
		8D3F8997126AB22D00379B3F /* b2World.cpp in Sources */ = {isa = PBXBuildFile; fileRef = 8D3F8955126AB22D00379B3F /* b2World.cpp */; };
		8D3F8998126AB22D00379B3F /* b2WorldCallbacks.cpp in Sources */ = {isa = PBXBuildFile; fileRef = 8D3F8957126AB22D00379B3F /* b2WorldCallbacks.cpp */; };
		8D3F8999126AB22D00379B3F /* b2CircleContact.cpp in Sources */ = {isa = PBXBuildFile; fileRef = 8D3F895A126AB22D00379B3F /* b2CircleContact.cpp */; };
		8D3F899A126AB22D00379B3F /* b2Contact.cpp in Sources */ = {isa = PBXBuildFile; fileRef = 8D3F895C126AB22D00379B3F /* b2Contact.cpp */; };
		8D3F899B126AB22D00379B3F /* b2ContactSolver.cpp in Sources */ = {isa = PBXBuildFile; fileRef = 8D3F895E126AB22D00379B3F /* b2ContactSolver.cpp */; };
		8D3F899C126AB22D00379B3F /* b2EdgeAndCircleContact.cpp in Sources */ = {isa = PBXBuildFile; fileRef = 8D3F8960126AB22D00379B3F /* b2EdgeAndCircleContact.cpp */; };
		8D3F899D126AB22D00379B3F /* b2EdgeAndPolygonContact.cpp in Sources */ = {isa = PBXBuildFile; fileRef = 8D3F8962126AB22D00379B3F /* b2EdgeAndPolygonContact.cpp */; };
		8D3F899E126AB22D00379B3F /* b2LoopAndCircleContact.cpp in Sources */ = {isa = PBXBuildFile; fileRef = 8D3F8964126AB22D00379B3F /* b2LoopAndCircleContact.cpp */; };
		8D3F899F126AB22D00379B3F /* b2LoopAndPolygonContact.cpp in Sources */ = {isa = PBXBuildFile; fileRef = 8D3F8966126AB22D00379B3F /* b2LoopAndPolygonContact.cpp */; };
		8D3F89A0126AB22D00379B3F /* b2PolygonAndCircleContact.cpp in Sources */ = {isa = PBXBuildFile; fileRef = 8D3F8968126AB22D00379B3F /* b2PolygonAndCircleContact.cpp */; };
		8D3F89A1126AB22D00379B3F /* b2PolygonContact.cpp in Sources */ = {isa = PBXBuildFile; fileRef = 8D3F896A126AB22D00379B3F /* b2PolygonContact.cpp */; };
		8D3F89A2126AB22D00379B3F /* b2DistanceJoint.cpp in Sources */ = {isa = PBXBuildFile; fileRef = 8D3F896D126AB22D00379B3F /* b2DistanceJoint.cpp */; };
		8D3F89A3126AB22D00379B3F /* b2FrictionJoint.cpp in Sources */ = {isa = PBXBuildFile; fileRef = 8D3F896F126AB22D00379B3F /* b2FrictionJoint.cpp */; };
		8D3F89A4126AB22D00379B3F /* b2GearJoint.cpp in Sources */ = {isa = PBXBuildFile; fileRef = 8D3F8971126AB22D00379B3F /* b2GearJoint.cpp */; };
		8D3F89A5126AB22D00379B3F /* b2Joint.cpp in Sources */ = {isa = PBXBuildFile; fileRef = 8D3F8973126AB22D00379B3F /* b2Joint.cpp */; };
		8D3F89A6126AB22D00379B3F /* b2LineJoint.cpp in Sources */ = {isa = PBXBuildFile; fileRef = 8D3F8975126AB22D00379B3F /* b2LineJoint.cpp */; };
		8D3F89A7126AB22D00379B3F /* b2MouseJoint.cpp in Sources */ = {isa = PBXBuildFile; fileRef = 8D3F8977126AB22D00379B3F /* b2MouseJoint.cpp */; };
		8D3F89A8126AB22D00379B3F /* b2PrismaticJoint.cpp in Sources */ = {isa = PBXBuildFile; fileRef = 8D3F8979126AB22D00379B3F /* b2PrismaticJoint.cpp */; };
		8D3F89A9126AB22D00379B3F /* b2PulleyJoint.cpp in Sources */ = {isa = PBXBuildFile; fileRef = 8D3F897B126AB22D00379B3F /* b2PulleyJoint.cpp */; };
		8D3F89AA126AB22D00379B3F /* b2RevoluteJoint.cpp in Sources */ = {isa = PBXBuildFile; fileRef = 8D3F897D126AB22D00379B3F /* b2RevoluteJoint.cpp */; };
		8D3F89AB126AB22D00379B3F /* b2WeldJoint.cpp in Sources */ = {isa = PBXBuildFile; fileRef = 8D3F897F126AB22D00379B3F /* b2WeldJoint.cpp */; };
		8D3F89D6126AC9B100379B3F /* NoteBall.m in Sources */ = {isa = PBXBuildFile; fileRef = 8D3F89D5126AC9B100379B3F /* NoteBall.m */; };
		8DC9A2B8126B7B8800703E4B /* ModeAContactListener.m in Sources */ = {isa = PBXBuildFile; fileRef = 8DC9A2B7126B7B8800703E4B /* ModeAContactListener.m */; };
/* End PBXBuildFile section */

/* Begin PBXFileReference section */
		1D30AB110D05D00D00671497 /* Foundation.framework */ = {isa = PBXFileReference; lastKnownFileType = wrapper.framework; name = Foundation.framework; path = System/Library/Frameworks/Foundation.framework; sourceTree = SDKROOT; };
		1D3623240D0F684500981E51 /* AmosAppDelegate.h */ = {isa = PBXFileReference; fileEncoding = 4; lastKnownFileType = sourcecode.c.h; path = AmosAppDelegate.h; sourceTree = "<group>"; };
		1D3623250D0F684500981E51 /* AmosAppDelegate.m */ = {isa = PBXFileReference; explicitFileType = sourcecode.cpp.objcpp; fileEncoding = 4; path = AmosAppDelegate.m; sourceTree = "<group>"; };
		1D6058910D05DD3D006BFB54 /* Amos.app */ = {isa = PBXFileReference; explicitFileType = wrapper.application; includeInIndex = 0; path = Amos.app; sourceTree = BUILT_PRODUCTS_DIR; };
		1DF5F4DF0D08C38300B7A737 /* UIKit.framework */ = {isa = PBXFileReference; lastKnownFileType = wrapper.framework; name = UIKit.framework; path = System/Library/Frameworks/UIKit.framework; sourceTree = SDKROOT; };
		288765A40DF7441C002DB57D /* CoreGraphics.framework */ = {isa = PBXFileReference; lastKnownFileType = wrapper.framework; name = CoreGraphics.framework; path = System/Library/Frameworks/CoreGraphics.framework; sourceTree = SDKROOT; };
		28D7ACF60DDB3853001CB0EB /* ModeAViewController.h */ = {isa = PBXFileReference; fileEncoding = 4; lastKnownFileType = sourcecode.c.h; path = ModeAViewController.h; sourceTree = "<group>"; };
		28D7ACF70DDB3853001CB0EB /* ModeAViewController.m */ = {isa = PBXFileReference; explicitFileType = sourcecode.cpp.objcpp; fileEncoding = 4; path = ModeAViewController.m; sourceTree = "<group>"; };
		29B97316FDCFA39411CA2CEA /* main.m */ = {isa = PBXFileReference; fileEncoding = 4; lastKnownFileType = sourcecode.c.objc; path = main.m; sourceTree = "<group>"; };
		32CA4F630368D1EE00C91783 /* Amos_Prefix.pch */ = {isa = PBXFileReference; fileEncoding = 4; lastKnownFileType = sourcecode.c.h; path = Amos_Prefix.pch; sourceTree = "<group>"; };
		8D1107310486CEB800E47090 /* Amos-Info.plist */ = {isa = PBXFileReference; fileEncoding = 4; lastKnownFileType = text.plist.xml; path = "Amos-Info.plist"; plistStructureDefinitionIdentifier = "com.apple.xcode.plist.structure-definition.iphone.info-plist"; sourceTree = "<group>"; };
		8D3F8926126AB22D00379B3F /* Box2D.h */ = {isa = PBXFileReference; fileEncoding = 4; lastKnownFileType = sourcecode.c.h; path = Box2D.h; sourceTree = "<group>"; };
		8D3F8927126AB22D00379B3F /* Box2DConfig.cmake */ = {isa = PBXFileReference; fileEncoding = 4; lastKnownFileType = text; path = Box2DConfig.cmake; sourceTree = "<group>"; };
		8D3F8928126AB22D00379B3F /* CMakeLists.txt */ = {isa = PBXFileReference; fileEncoding = 4; lastKnownFileType = text; path = CMakeLists.txt; sourceTree = "<group>"; };
		8D3F892A126AB22D00379B3F /* b2BroadPhase.cpp */ = {isa = PBXFileReference; fileEncoding = 4; lastKnownFileType = sourcecode.cpp.cpp; path = b2BroadPhase.cpp; sourceTree = "<group>"; };
		8D3F892B126AB22D00379B3F /* b2BroadPhase.h */ = {isa = PBXFileReference; fileEncoding = 4; lastKnownFileType = sourcecode.c.h; path = b2BroadPhase.h; sourceTree = "<group>"; };
		8D3F892C126AB22D00379B3F /* b2CollideCircle.cpp */ = {isa = PBXFileReference; fileEncoding = 4; lastKnownFileType = sourcecode.cpp.cpp; path = b2CollideCircle.cpp; sourceTree = "<group>"; };
		8D3F892D126AB22D00379B3F /* b2CollideEdge.cpp */ = {isa = PBXFileReference; fileEncoding = 4; lastKnownFileType = sourcecode.cpp.cpp; path = b2CollideEdge.cpp; sourceTree = "<group>"; };
		8D3F892E126AB22D00379B3F /* b2CollidePolygon.cpp */ = {isa = PBXFileReference; fileEncoding = 4; lastKnownFileType = sourcecode.cpp.cpp; path = b2CollidePolygon.cpp; sourceTree = "<group>"; };
		8D3F892F126AB22D00379B3F /* b2Collision.cpp */ = {isa = PBXFileReference; fileEncoding = 4; lastKnownFileType = sourcecode.cpp.cpp; path = b2Collision.cpp; sourceTree = "<group>"; };
		8D3F8930126AB22D00379B3F /* b2Collision.h */ = {isa = PBXFileReference; fileEncoding = 4; lastKnownFileType = sourcecode.c.h; path = b2Collision.h; sourceTree = "<group>"; };
		8D3F8931126AB22D00379B3F /* b2Distance.cpp */ = {isa = PBXFileReference; fileEncoding = 4; lastKnownFileType = sourcecode.cpp.cpp; path = b2Distance.cpp; sourceTree = "<group>"; };
		8D3F8932126AB22D00379B3F /* b2Distance.h */ = {isa = PBXFileReference; fileEncoding = 4; lastKnownFileType = sourcecode.c.h; path = b2Distance.h; sourceTree = "<group>"; };
		8D3F8933126AB22D00379B3F /* b2DynamicTree.cpp */ = {isa = PBXFileReference; fileEncoding = 4; lastKnownFileType = sourcecode.cpp.cpp; path = b2DynamicTree.cpp; sourceTree = "<group>"; };
		8D3F8934126AB22D00379B3F /* b2DynamicTree.h */ = {isa = PBXFileReference; fileEncoding = 4; lastKnownFileType = sourcecode.c.h; path = b2DynamicTree.h; sourceTree = "<group>"; };
		8D3F8935126AB22D00379B3F /* b2TimeOfImpact.cpp */ = {isa = PBXFileReference; fileEncoding = 4; lastKnownFileType = sourcecode.cpp.cpp; path = b2TimeOfImpact.cpp; sourceTree = "<group>"; };
		8D3F8936126AB22D00379B3F /* b2TimeOfImpact.h */ = {isa = PBXFileReference; fileEncoding = 4; lastKnownFileType = sourcecode.c.h; path = b2TimeOfImpact.h; sourceTree = "<group>"; };
		8D3F8938126AB22D00379B3F /* b2CircleShape.cpp */ = {isa = PBXFileReference; fileEncoding = 4; lastKnownFileType = sourcecode.cpp.cpp; path = b2CircleShape.cpp; sourceTree = "<group>"; };
		8D3F8939126AB22D00379B3F /* b2CircleShape.h */ = {isa = PBXFileReference; fileEncoding = 4; lastKnownFileType = sourcecode.c.h; path = b2CircleShape.h; sourceTree = "<group>"; };
		8D3F893A126AB22D00379B3F /* b2EdgeShape.cpp */ = {isa = PBXFileReference; fileEncoding = 4; lastKnownFileType = sourcecode.cpp.cpp; path = b2EdgeShape.cpp; sourceTree = "<group>"; };
		8D3F893B126AB22D00379B3F /* b2EdgeShape.h */ = {isa = PBXFileReference; fileEncoding = 4; lastKnownFileType = sourcecode.c.h; path = b2EdgeShape.h; sourceTree = "<group>"; };
		8D3F893C126AB22D00379B3F /* b2LoopShape.cpp */ = {isa = PBXFileReference; fileEncoding = 4; lastKnownFileType = sourcecode.cpp.cpp; path = b2LoopShape.cpp; sourceTree = "<group>"; };
		8D3F893D126AB22D00379B3F /* b2LoopShape.h */ = {isa = PBXFileReference; fileEncoding = 4; lastKnownFileType = sourcecode.c.h; path = b2LoopShape.h; sourceTree = "<group>"; };
		8D3F893E126AB22D00379B3F /* b2PolygonShape.cpp */ = {isa = PBXFileReference; fileEncoding = 4; lastKnownFileType = sourcecode.cpp.cpp; path = b2PolygonShape.cpp; sourceTree = "<group>"; };
		8D3F893F126AB22D00379B3F /* b2PolygonShape.h */ = {isa = PBXFileReference; fileEncoding = 4; lastKnownFileType = sourcecode.c.h; path = b2PolygonShape.h; sourceTree = "<group>"; };
		8D3F8940126AB22D00379B3F /* b2Shape.h */ = {isa = PBXFileReference; fileEncoding = 4; lastKnownFileType = sourcecode.c.h; path = b2Shape.h; sourceTree = "<group>"; };
		8D3F8942126AB22D00379B3F /* b2BlockAllocator.cpp */ = {isa = PBXFileReference; fileEncoding = 4; lastKnownFileType = sourcecode.cpp.cpp; path = b2BlockAllocator.cpp; sourceTree = "<group>"; };
		8D3F8943126AB22D00379B3F /* b2BlockAllocator.h */ = {isa = PBXFileReference; fileEncoding = 4; lastKnownFileType = sourcecode.c.h; path = b2BlockAllocator.h; sourceTree = "<group>"; };
		8D3F8944126AB22D00379B3F /* b2GrowableStack.h */ = {isa = PBXFileReference; fileEncoding = 4; lastKnownFileType = sourcecode.c.h; path = b2GrowableStack.h; sourceTree = "<group>"; };
		8D3F8945126AB22D00379B3F /* b2Math.cpp */ = {isa = PBXFileReference; fileEncoding = 4; lastKnownFileType = sourcecode.cpp.cpp; path = b2Math.cpp; sourceTree = "<group>"; };
		8D3F8946126AB22D00379B3F /* b2Math.h */ = {isa = PBXFileReference; fileEncoding = 4; lastKnownFileType = sourcecode.c.h; path = b2Math.h; sourceTree = "<group>"; };
		8D3F8947126AB22D00379B3F /* b2Settings.cpp */ = {isa = PBXFileReference; fileEncoding = 4; lastKnownFileType = sourcecode.cpp.cpp; path = b2Settings.cpp; sourceTree = "<group>"; };
		8D3F8948126AB22D00379B3F /* b2Settings.h */ = {isa = PBXFileReference; fileEncoding = 4; lastKnownFileType = sourcecode.c.h; path = b2Settings.h; sourceTree = "<group>"; };
		8D3F8949126AB22D00379B3F /* b2StackAllocator.cpp */ = {isa = PBXFileReference; fileEncoding = 4; lastKnownFileType = sourcecode.cpp.cpp; path = b2StackAllocator.cpp; sourceTree = "<group>"; };
		8D3F894A126AB22D00379B3F /* b2StackAllocator.h */ = {isa = PBXFileReference; fileEncoding = 4; lastKnownFileType = sourcecode.c.h; path = b2StackAllocator.h; sourceTree = "<group>"; };
		8D3F894C126AB22D00379B3F /* b2Body.cpp */ = {isa = PBXFileReference; fileEncoding = 4; lastKnownFileType = sourcecode.cpp.cpp; path = b2Body.cpp; sourceTree = "<group>"; };
		8D3F894D126AB22D00379B3F /* b2Body.h */ = {isa = PBXFileReference; fileEncoding = 4; lastKnownFileType = sourcecode.c.h; path = b2Body.h; sourceTree = "<group>"; };
		8D3F894E126AB22D00379B3F /* b2ContactManager.cpp */ = {isa = PBXFileReference; fileEncoding = 4; lastKnownFileType = sourcecode.cpp.cpp; path = b2ContactManager.cpp; sourceTree = "<group>"; };
		8D3F894F126AB22D00379B3F /* b2ContactManager.h */ = {isa = PBXFileReference; fileEncoding = 4; lastKnownFileType = sourcecode.c.h; path = b2ContactManager.h; sourceTree = "<group>"; };
		8D3F8950126AB22D00379B3F /* b2Fixture.cpp */ = {isa = PBXFileReference; fileEncoding = 4; lastKnownFileType = sourcecode.cpp.cpp; path = b2Fixture.cpp; sourceTree = "<group>"; };
		8D3F8951126AB22D00379B3F /* b2Fixture.h */ = {isa = PBXFileReference; fileEncoding = 4; lastKnownFileType = sourcecode.c.h; path = b2Fixture.h; sourceTree = "<group>"; };
		8D3F8952126AB22D00379B3F /* b2Island.cpp */ = {isa = PBXFileReference; fileEncoding = 4; lastKnownFileType = sourcecode.cpp.cpp; path = b2Island.cpp; sourceTree = "<group>"; };
		8D3F8953126AB22D00379B3F /* b2Island.h */ = {isa = PBXFileReference; fileEncoding = 4; lastKnownFileType = sourcecode.c.h; path = b2Island.h; sourceTree = "<group>"; };
		8D3F8954126AB22D00379B3F /* b2TimeStep.h */ = {isa = PBXFileReference; fileEncoding = 4; lastKnownFileType = sourcecode.c.h; path = b2TimeStep.h; sourceTree = "<group>"; };
		8D3F8955126AB22D00379B3F /* b2World.cpp */ = {isa = PBXFileReference; fileEncoding = 4; lastKnownFileType = sourcecode.cpp.cpp; path = b2World.cpp; sourceTree = "<group>"; };
		8D3F8956126AB22D00379B3F /* b2World.h */ = {isa = PBXFileReference; fileEncoding = 4; lastKnownFileType = sourcecode.c.h; path = b2World.h; sourceTree = "<group>"; };
		8D3F8957126AB22D00379B3F /* b2WorldCallbacks.cpp */ = {isa = PBXFileReference; fileEncoding = 4; lastKnownFileType = sourcecode.cpp.cpp; path = b2WorldCallbacks.cpp; sourceTree = "<group>"; };
		8D3F8958126AB22D00379B3F /* b2WorldCallbacks.h */ = {isa = PBXFileReference; fileEncoding = 4; lastKnownFileType = sourcecode.c.h; path = b2WorldCallbacks.h; sourceTree = "<group>"; };
		8D3F895A126AB22D00379B3F /* b2CircleContact.cpp */ = {isa = PBXFileReference; fileEncoding = 4; lastKnownFileType = sourcecode.cpp.cpp; path = b2CircleContact.cpp; sourceTree = "<group>"; };
		8D3F895B126AB22D00379B3F /* b2CircleContact.h */ = {isa = PBXFileReference; fileEncoding = 4; lastKnownFileType = sourcecode.c.h; path = b2CircleContact.h; sourceTree = "<group>"; };
		8D3F895C126AB22D00379B3F /* b2Contact.cpp */ = {isa = PBXFileReference; fileEncoding = 4; lastKnownFileType = sourcecode.cpp.cpp; path = b2Contact.cpp; sourceTree = "<group>"; };
		8D3F895D126AB22D00379B3F /* b2Contact.h */ = {isa = PBXFileReference; fileEncoding = 4; lastKnownFileType = sourcecode.c.h; path = b2Contact.h; sourceTree = "<group>"; };
		8D3F895E126AB22D00379B3F /* b2ContactSolver.cpp */ = {isa = PBXFileReference; fileEncoding = 4; lastKnownFileType = sourcecode.cpp.cpp; path = b2ContactSolver.cpp; sourceTree = "<group>"; };
		8D3F895F126AB22D00379B3F /* b2ContactSolver.h */ = {isa = PBXFileReference; fileEncoding = 4; lastKnownFileType = sourcecode.c.h; path = b2ContactSolver.h; sourceTree = "<group>"; };
		8D3F8960126AB22D00379B3F /* b2EdgeAndCircleContact.cpp */ = {isa = PBXFileReference; fileEncoding = 4; lastKnownFileType = sourcecode.cpp.cpp; path = b2EdgeAndCircleContact.cpp; sourceTree = "<group>"; };
		8D3F8961126AB22D00379B3F /* b2EdgeAndCircleContact.h */ = {isa = PBXFileReference; fileEncoding = 4; lastKnownFileType = sourcecode.c.h; path = b2EdgeAndCircleContact.h; sourceTree = "<group>"; };
		8D3F8962126AB22D00379B3F /* b2EdgeAndPolygonContact.cpp */ = {isa = PBXFileReference; fileEncoding = 4; lastKnownFileType = sourcecode.cpp.cpp; path = b2EdgeAndPolygonContact.cpp; sourceTree = "<group>"; };
		8D3F8963126AB22D00379B3F /* b2EdgeAndPolygonContact.h */ = {isa = PBXFileReference; fileEncoding = 4; lastKnownFileType = sourcecode.c.h; path = b2EdgeAndPolygonContact.h; sourceTree = "<group>"; };
		8D3F8964126AB22D00379B3F /* b2LoopAndCircleContact.cpp */ = {isa = PBXFileReference; fileEncoding = 4; lastKnownFileType = sourcecode.cpp.cpp; path = b2LoopAndCircleContact.cpp; sourceTree = "<group>"; };
		8D3F8965126AB22D00379B3F /* b2LoopAndCircleContact.h */ = {isa = PBXFileReference; fileEncoding = 4; lastKnownFileType = sourcecode.c.h; path = b2LoopAndCircleContact.h; sourceTree = "<group>"; };
		8D3F8966126AB22D00379B3F /* b2LoopAndPolygonContact.cpp */ = {isa = PBXFileReference; fileEncoding = 4; lastKnownFileType = sourcecode.cpp.cpp; path = b2LoopAndPolygonContact.cpp; sourceTree = "<group>"; };
		8D3F8967126AB22D00379B3F /* b2LoopAndPolygonContact.h */ = {isa = PBXFileReference; fileEncoding = 4; lastKnownFileType = sourcecode.c.h; path = b2LoopAndPolygonContact.h; sourceTree = "<group>"; };
		8D3F8968126AB22D00379B3F /* b2PolygonAndCircleContact.cpp */ = {isa = PBXFileReference; fileEncoding = 4; lastKnownFileType = sourcecode.cpp.cpp; path = b2PolygonAndCircleContact.cpp; sourceTree = "<group>"; };
		8D3F8969126AB22D00379B3F /* b2PolygonAndCircleContact.h */ = {isa = PBXFileReference; fileEncoding = 4; lastKnownFileType = sourcecode.c.h; path = b2PolygonAndCircleContact.h; sourceTree = "<group>"; };
		8D3F896A126AB22D00379B3F /* b2PolygonContact.cpp */ = {isa = PBXFileReference; fileEncoding = 4; lastKnownFileType = sourcecode.cpp.cpp; path = b2PolygonContact.cpp; sourceTree = "<group>"; };
		8D3F896B126AB22D00379B3F /* b2PolygonContact.h */ = {isa = PBXFileReference; fileEncoding = 4; lastKnownFileType = sourcecode.c.h; path = b2PolygonContact.h; sourceTree = "<group>"; };
		8D3F896D126AB22D00379B3F /* b2DistanceJoint.cpp */ = {isa = PBXFileReference; fileEncoding = 4; lastKnownFileType = sourcecode.cpp.cpp; path = b2DistanceJoint.cpp; sourceTree = "<group>"; };
		8D3F896E126AB22D00379B3F /* b2DistanceJoint.h */ = {isa = PBXFileReference; fileEncoding = 4; lastKnownFileType = sourcecode.c.h; path = b2DistanceJoint.h; sourceTree = "<group>"; };
		8D3F896F126AB22D00379B3F /* b2FrictionJoint.cpp */ = {isa = PBXFileReference; fileEncoding = 4; lastKnownFileType = sourcecode.cpp.cpp; path = b2FrictionJoint.cpp; sourceTree = "<group>"; };
		8D3F8970126AB22D00379B3F /* b2FrictionJoint.h */ = {isa = PBXFileReference; fileEncoding = 4; lastKnownFileType = sourcecode.c.h; path = b2FrictionJoint.h; sourceTree = "<group>"; };
		8D3F8971126AB22D00379B3F /* b2GearJoint.cpp */ = {isa = PBXFileReference; fileEncoding = 4; lastKnownFileType = sourcecode.cpp.cpp; path = b2GearJoint.cpp; sourceTree = "<group>"; };
		8D3F8972126AB22D00379B3F /* b2GearJoint.h */ = {isa = PBXFileReference; fileEncoding = 4; lastKnownFileType = sourcecode.c.h; path = b2GearJoint.h; sourceTree = "<group>"; };
		8D3F8973126AB22D00379B3F /* b2Joint.cpp */ = {isa = PBXFileReference; fileEncoding = 4; lastKnownFileType = sourcecode.cpp.cpp; path = b2Joint.cpp; sourceTree = "<group>"; };
		8D3F8974126AB22D00379B3F /* b2Joint.h */ = {isa = PBXFileReference; fileEncoding = 4; lastKnownFileType = sourcecode.c.h; path = b2Joint.h; sourceTree = "<group>"; };
		8D3F8975126AB22D00379B3F /* b2LineJoint.cpp */ = {isa = PBXFileReference; fileEncoding = 4; lastKnownFileType = sourcecode.cpp.cpp; path = b2LineJoint.cpp; sourceTree = "<group>"; };
		8D3F8976126AB22D00379B3F /* b2LineJoint.h */ = {isa = PBXFileReference; fileEncoding = 4; lastKnownFileType = sourcecode.c.h; path = b2LineJoint.h; sourceTree = "<group>"; };
		8D3F8977126AB22D00379B3F /* b2MouseJoint.cpp */ = {isa = PBXFileReference; fileEncoding = 4; lastKnownFileType = sourcecode.cpp.cpp; path = b2MouseJoint.cpp; sourceTree = "<group>"; };
		8D3F8978126AB22D00379B3F /* b2MouseJoint.h */ = {isa = PBXFileReference; fileEncoding = 4; lastKnownFileType = sourcecode.c.h; path = b2MouseJoint.h; sourceTree = "<group>"; };
		8D3F8979126AB22D00379B3F /* b2PrismaticJoint.cpp */ = {isa = PBXFileReference; fileEncoding = 4; lastKnownFileType = sourcecode.cpp.cpp; path = b2PrismaticJoint.cpp; sourceTree = "<group>"; };
		8D3F897A126AB22D00379B3F /* b2PrismaticJoint.h */ = {isa = PBXFileReference; fileEncoding = 4; lastKnownFileType = sourcecode.c.h; path = b2PrismaticJoint.h; sourceTree = "<group>"; };
		8D3F897B126AB22D00379B3F /* b2PulleyJoint.cpp */ = {isa = PBXFileReference; fileEncoding = 4; lastKnownFileType = sourcecode.cpp.cpp; path = b2PulleyJoint.cpp; sourceTree = "<group>"; };
		8D3F897C126AB22D00379B3F /* b2PulleyJoint.h */ = {isa = PBXFileReference; fileEncoding = 4; lastKnownFileType = sourcecode.c.h; path = b2PulleyJoint.h; sourceTree = "<group>"; };
		8D3F897D126AB22D00379B3F /* b2RevoluteJoint.cpp */ = {isa = PBXFileReference; fileEncoding = 4; lastKnownFileType = sourcecode.cpp.cpp; path = b2RevoluteJoint.cpp; sourceTree = "<group>"; };
		8D3F897E126AB22D00379B3F /* b2RevoluteJoint.h */ = {isa = PBXFileReference; fileEncoding = 4; lastKnownFileType = sourcecode.c.h; path = b2RevoluteJoint.h; sourceTree = "<group>"; };
		8D3F897F126AB22D00379B3F /* b2WeldJoint.cpp */ = {isa = PBXFileReference; fileEncoding = 4; lastKnownFileType = sourcecode.cpp.cpp; path = b2WeldJoint.cpp; sourceTree = "<group>"; };
		8D3F8980126AB22D00379B3F /* b2WeldJoint.h */ = {isa = PBXFileReference; fileEncoding = 4; lastKnownFileType = sourcecode.c.h; path = b2WeldJoint.h; sourceTree = "<group>"; };
		8D3F89D4126AC9B100379B3F /* NoteBall.h */ = {isa = PBXFileReference; fileEncoding = 4; lastKnownFileType = sourcecode.c.h; path = NoteBall.h; sourceTree = "<group>"; };
		8D3F89D5126AC9B100379B3F /* NoteBall.m */ = {isa = PBXFileReference; explicitFileType = sourcecode.cpp.objcpp; fileEncoding = 4; path = NoteBall.m; sourceTree = "<group>"; };
		8DC9A2B6126B7B8800703E4B /* ModeAContactListener.h */ = {isa = PBXFileReference; fileEncoding = 4; lastKnownFileType = sourcecode.c.h; path = ModeAContactListener.h; sourceTree = "<group>"; };
		8DC9A2B7126B7B8800703E4B /* ModeAContactListener.m */ = {isa = PBXFileReference; explicitFileType = sourcecode.cpp.objcpp; fileEncoding = 4; path = ModeAContactListener.m; sourceTree = "<group>"; };
/* End PBXFileReference section */

/* Begin PBXFrameworksBuildPhase section */
		1D60588F0D05DD3D006BFB54 /* Frameworks */ = {
			isa = PBXFrameworksBuildPhase;
			buildActionMask = 2147483647;
			files = (
				1D60589F0D05DD5A006BFB54 /* Foundation.framework in Frameworks */,
				1DF5F4E00D08C38300B7A737 /* UIKit.framework in Frameworks */,
				288765A50DF7441C002DB57D /* CoreGraphics.framework in Frameworks */,
			);
			runOnlyForDeploymentPostprocessing = 0;
		};
/* End PBXFrameworksBuildPhase section */

/* Begin PBXGroup section */
		080E96DDFE201D6D7F000001 /* Classes */ = {
			isa = PBXGroup;
			children = (
				1D3623240D0F684500981E51 /* AmosAppDelegate.h */,
				1D3623250D0F684500981E51 /* AmosAppDelegate.m */,
				28D7ACF60DDB3853001CB0EB /* ModeAViewController.h */,
				28D7ACF70DDB3853001CB0EB /* ModeAViewController.m */,
				8D3F89D4126AC9B100379B3F /* NoteBall.h */,
				8D3F89D5126AC9B100379B3F /* NoteBall.m */,
				8DC9A2B6126B7B8800703E4B /* ModeAContactListener.h */,
				8DC9A2B7126B7B8800703E4B /* ModeAContactListener.m */,
			);
			path = Classes;
			sourceTree = "<group>";
		};
		19C28FACFE9D520D11CA2CBB /* Products */ = {
			isa = PBXGroup;
			children = (
				1D6058910D05DD3D006BFB54 /* Amos.app */,
			);
			name = Products;
			sourceTree = "<group>";
		};
		29B97314FDCFA39411CA2CEA /* CustomTemplate */ = {
			isa = PBXGroup;
			children = (
				080E96DDFE201D6D7F000001 /* Classes */,
				29B97315FDCFA39411CA2CEA /* Other Sources */,
				29B97317FDCFA39411CA2CEA /* Resources */,
				29B97323FDCFA39411CA2CEA /* Frameworks */,
				19C28FACFE9D520D11CA2CBB /* Products */,
			);
			name = CustomTemplate;
			sourceTree = "<group>";
		};
		29B97315FDCFA39411CA2CEA /* Other Sources */ = {
			isa = PBXGroup;
			children = (
				8D3F8925126AB22D00379B3F /* Box2D */,
				32CA4F630368D1EE00C91783 /* Amos_Prefix.pch */,
				29B97316FDCFA39411CA2CEA /* main.m */,
			);
			name = "Other Sources";
			sourceTree = "<group>";
		};
		29B97317FDCFA39411CA2CEA /* Resources */ = {
			isa = PBXGroup;
			children = (
				8D1107310486CEB800E47090 /* Amos-Info.plist */,
			);
			name = Resources;
			sourceTree = "<group>";
		};
		29B97323FDCFA39411CA2CEA /* Frameworks */ = {
			isa = PBXGroup;
			children = (
				1DF5F4DF0D08C38300B7A737 /* UIKit.framework */,
				1D30AB110D05D00D00671497 /* Foundation.framework */,
				288765A40DF7441C002DB57D /* CoreGraphics.framework */,
			);
			name = Frameworks;
			sourceTree = "<group>";
		};
		8D3F8925126AB22D00379B3F /* Box2D */ = {
			isa = PBXGroup;
			children = (
				8D3F8926126AB22D00379B3F /* Box2D.h */,
				8D3F8927126AB22D00379B3F /* Box2DConfig.cmake */,
				8D3F8928126AB22D00379B3F /* CMakeLists.txt */,
				8D3F8929126AB22D00379B3F /* Collision */,
				8D3F8941126AB22D00379B3F /* Common */,
				8D3F894B126AB22D00379B3F /* Dynamics */,
			);
			path = Box2D;
			sourceTree = "<group>";
		};
		8D3F8929126AB22D00379B3F /* Collision */ = {
			isa = PBXGroup;
			children = (
				8D3F892A126AB22D00379B3F /* b2BroadPhase.cpp */,
				8D3F892B126AB22D00379B3F /* b2BroadPhase.h */,
				8D3F892C126AB22D00379B3F /* b2CollideCircle.cpp */,
				8D3F892D126AB22D00379B3F /* b2CollideEdge.cpp */,
				8D3F892E126AB22D00379B3F /* b2CollidePolygon.cpp */,
				8D3F892F126AB22D00379B3F /* b2Collision.cpp */,
				8D3F8930126AB22D00379B3F /* b2Collision.h */,
				8D3F8931126AB22D00379B3F /* b2Distance.cpp */,
				8D3F8932126AB22D00379B3F /* b2Distance.h */,
				8D3F8933126AB22D00379B3F /* b2DynamicTree.cpp */,
				8D3F8934126AB22D00379B3F /* b2DynamicTree.h */,
				8D3F8935126AB22D00379B3F /* b2TimeOfImpact.cpp */,
				8D3F8936126AB22D00379B3F /* b2TimeOfImpact.h */,
				8D3F8937126AB22D00379B3F /* Shapes */,
			);
			path = Collision;
			sourceTree = "<group>";
		};
		8D3F8937126AB22D00379B3F /* Shapes */ = {
			isa = PBXGroup;
			children = (
				8D3F8938126AB22D00379B3F /* b2CircleShape.cpp */,
				8D3F8939126AB22D00379B3F /* b2CircleShape.h */,
				8D3F893A126AB22D00379B3F /* b2EdgeShape.cpp */,
				8D3F893B126AB22D00379B3F /* b2EdgeShape.h */,
				8D3F893C126AB22D00379B3F /* b2LoopShape.cpp */,
				8D3F893D126AB22D00379B3F /* b2LoopShape.h */,
				8D3F893E126AB22D00379B3F /* b2PolygonShape.cpp */,
				8D3F893F126AB22D00379B3F /* b2PolygonShape.h */,
				8D3F8940126AB22D00379B3F /* b2Shape.h */,
			);
			path = Shapes;
			sourceTree = "<group>";
		};
		8D3F8941126AB22D00379B3F /* Common */ = {
			isa = PBXGroup;
			children = (
				8D3F8942126AB22D00379B3F /* b2BlockAllocator.cpp */,
				8D3F8943126AB22D00379B3F /* b2BlockAllocator.h */,
				8D3F8944126AB22D00379B3F /* b2GrowableStack.h */,
				8D3F8945126AB22D00379B3F /* b2Math.cpp */,
				8D3F8946126AB22D00379B3F /* b2Math.h */,
				8D3F8947126AB22D00379B3F /* b2Settings.cpp */,
				8D3F8948126AB22D00379B3F /* b2Settings.h */,
				8D3F8949126AB22D00379B3F /* b2StackAllocator.cpp */,
				8D3F894A126AB22D00379B3F /* b2StackAllocator.h */,
			);
			path = Common;
			sourceTree = "<group>";
		};
		8D3F894B126AB22D00379B3F /* Dynamics */ = {
			isa = PBXGroup;
			children = (
				8D3F894C126AB22D00379B3F /* b2Body.cpp */,
				8D3F894D126AB22D00379B3F /* b2Body.h */,
				8D3F894E126AB22D00379B3F /* b2ContactManager.cpp */,
				8D3F894F126AB22D00379B3F /* b2ContactManager.h */,
				8D3F8950126AB22D00379B3F /* b2Fixture.cpp */,
				8D3F8951126AB22D00379B3F /* b2Fixture.h */,
				8D3F8952126AB22D00379B3F /* b2Island.cpp */,
				8D3F8953126AB22D00379B3F /* b2Island.h */,
				8D3F8954126AB22D00379B3F /* b2TimeStep.h */,
				8D3F8955126AB22D00379B3F /* b2World.cpp */,
				8D3F8956126AB22D00379B3F /* b2World.h */,
				8D3F8957126AB22D00379B3F /* b2WorldCallbacks.cpp */,
				8D3F8958126AB22D00379B3F /* b2WorldCallbacks.h */,
				8D3F8959126AB22D00379B3F /* Contacts */,
				8D3F896C126AB22D00379B3F /* Joints */,
			);
			path = Dynamics;
			sourceTree = "<group>";
		};
		8D3F8959126AB22D00379B3F /* Contacts */ = {
			isa = PBXGroup;
			children = (
				8D3F895A126AB22D00379B3F /* b2CircleContact.cpp */,
				8D3F895B126AB22D00379B3F /* b2CircleContact.h */,
				8D3F895C126AB22D00379B3F /* b2Contact.cpp */,
				8D3F895D126AB22D00379B3F /* b2Contact.h */,
				8D3F895E126AB22D00379B3F /* b2ContactSolver.cpp */,
				8D3F895F126AB22D00379B3F /* b2ContactSolver.h */,
				8D3F8960126AB22D00379B3F /* b2EdgeAndCircleContact.cpp */,
				8D3F8961126AB22D00379B3F /* b2EdgeAndCircleContact.h */,
				8D3F8962126AB22D00379B3F /* b2EdgeAndPolygonContact.cpp */,
				8D3F8963126AB22D00379B3F /* b2EdgeAndPolygonContact.h */,
				8D3F8964126AB22D00379B3F /* b2LoopAndCircleContact.cpp */,
				8D3F8965126AB22D00379B3F /* b2LoopAndCircleContact.h */,
				8D3F8966126AB22D00379B3F /* b2LoopAndPolygonContact.cpp */,
				8D3F8967126AB22D00379B3F /* b2LoopAndPolygonContact.h */,
				8D3F8968126AB22D00379B3F /* b2PolygonAndCircleContact.cpp */,
				8D3F8969126AB22D00379B3F /* b2PolygonAndCircleContact.h */,
				8D3F896A126AB22D00379B3F /* b2PolygonContact.cpp */,
				8D3F896B126AB22D00379B3F /* b2PolygonContact.h */,
			);
			path = Contacts;
			sourceTree = "<group>";
		};
		8D3F896C126AB22D00379B3F /* Joints */ = {
			isa = PBXGroup;
			children = (
				8D3F896D126AB22D00379B3F /* b2DistanceJoint.cpp */,
				8D3F896E126AB22D00379B3F /* b2DistanceJoint.h */,
				8D3F896F126AB22D00379B3F /* b2FrictionJoint.cpp */,
				8D3F8970126AB22D00379B3F /* b2FrictionJoint.h */,
				8D3F8971126AB22D00379B3F /* b2GearJoint.cpp */,
				8D3F8972126AB22D00379B3F /* b2GearJoint.h */,
				8D3F8973126AB22D00379B3F /* b2Joint.cpp */,
				8D3F8974126AB22D00379B3F /* b2Joint.h */,
				8D3F8975126AB22D00379B3F /* b2LineJoint.cpp */,
				8D3F8976126AB22D00379B3F /* b2LineJoint.h */,
				8D3F8977126AB22D00379B3F /* b2MouseJoint.cpp */,
				8D3F8978126AB22D00379B3F /* b2MouseJoint.h */,
				8D3F8979126AB22D00379B3F /* b2PrismaticJoint.cpp */,
				8D3F897A126AB22D00379B3F /* b2PrismaticJoint.h */,
				8D3F897B126AB22D00379B3F /* b2PulleyJoint.cpp */,
				8D3F897C126AB22D00379B3F /* b2PulleyJoint.h */,
				8D3F897D126AB22D00379B3F /* b2RevoluteJoint.cpp */,
				8D3F897E126AB22D00379B3F /* b2RevoluteJoint.h */,
				8D3F897F126AB22D00379B3F /* b2WeldJoint.cpp */,
				8D3F8980126AB22D00379B3F /* b2WeldJoint.h */,
			);
			path = Joints;
			sourceTree = "<group>";
		};
/* End PBXGroup section */

/* Begin PBXNativeTarget section */
		1D6058900D05DD3D006BFB54 /* Amos */ = {
			isa = PBXNativeTarget;
			buildConfigurationList = 1D6058960D05DD3E006BFB54 /* Build configuration list for PBXNativeTarget "Amos" */;
			buildPhases = (
				1D60588D0D05DD3D006BFB54 /* Resources */,
				1D60588E0D05DD3D006BFB54 /* Sources */,
				1D60588F0D05DD3D006BFB54 /* Frameworks */,
			);
			buildRules = (
			);
			dependencies = (
			);
			name = Amos;
			productName = Amos;
			productReference = 1D6058910D05DD3D006BFB54 /* Amos.app */;
			productType = "com.apple.product-type.application";
		};
/* End PBXNativeTarget section */

/* Begin PBXProject section */
		29B97313FDCFA39411CA2CEA /* Project object */ = {
			isa = PBXProject;
			attributes = {
				ORGANIZATIONNAME = "Anything Honest";
			};
			buildConfigurationList = C01FCF4E08A954540054247B /* Build configuration list for PBXProject "Amos" */;
			compatibilityVersion = "Xcode 3.1";
			developmentRegion = English;
			hasScannedForEncodings = 1;
			knownRegions = (
				English,
				Japanese,
				French,
				German,
			);
			mainGroup = 29B97314FDCFA39411CA2CEA /* CustomTemplate */;
			projectDirPath = "";
			projectRoot = "";
			targets = (
				1D6058900D05DD3D006BFB54 /* Amos */,
			);
		};
/* End PBXProject section */

/* Begin PBXResourcesBuildPhase section */
		1D60588D0D05DD3D006BFB54 /* Resources */ = {
			isa = PBXResourcesBuildPhase;
			buildActionMask = 2147483647;
			files = (
				8D3F8981126AB22D00379B3F /* Box2DConfig.cmake in Resources */,
				8D3F8982126AB22D00379B3F /* CMakeLists.txt in Resources */,
			);
			runOnlyForDeploymentPostprocessing = 0;
		};
/* End PBXResourcesBuildPhase section */

/* Begin PBXSourcesBuildPhase section */
		1D60588E0D05DD3D006BFB54 /* Sources */ = {
			isa = PBXSourcesBuildPhase;
			buildActionMask = 2147483647;
			files = (
				1D60589B0D05DD56006BFB54 /* main.m in Sources */,
				1D3623260D0F684500981E51 /* AmosAppDelegate.m in Sources */,
				28D7ACF80DDB3853001CB0EB /* ModeAViewController.m in Sources */,
				8D3F8983126AB22D00379B3F /* b2BroadPhase.cpp in Sources */,
				8D3F8984126AB22D00379B3F /* b2CollideCircle.cpp in Sources */,
				8D3F8985126AB22D00379B3F /* b2CollideEdge.cpp in Sources */,
				8D3F8986126AB22D00379B3F /* b2CollidePolygon.cpp in Sources */,
				8D3F8987126AB22D00379B3F /* b2Collision.cpp in Sources */,
				8D3F8988126AB22D00379B3F /* b2Distance.cpp in Sources */,
				8D3F8989126AB22D00379B3F /* b2DynamicTree.cpp in Sources */,
				8D3F898A126AB22D00379B3F /* b2TimeOfImpact.cpp in Sources */,
				8D3F898B126AB22D00379B3F /* b2CircleShape.cpp in Sources */,
				8D3F898C126AB22D00379B3F /* b2EdgeShape.cpp in Sources */,
				8D3F898D126AB22D00379B3F /* b2LoopShape.cpp in Sources */,
				8D3F898E126AB22D00379B3F /* b2PolygonShape.cpp in Sources */,
				8D3F898F126AB22D00379B3F /* b2BlockAllocator.cpp in Sources */,
				8D3F8990126AB22D00379B3F /* b2Math.cpp in Sources */,
				8D3F8991126AB22D00379B3F /* b2Settings.cpp in Sources */,
				8D3F8992126AB22D00379B3F /* b2StackAllocator.cpp in Sources */,
				8D3F8993126AB22D00379B3F /* b2Body.cpp in Sources */,
				8D3F8994126AB22D00379B3F /* b2ContactManager.cpp in Sources */,
				8D3F8995126AB22D00379B3F /* b2Fixture.cpp in Sources */,
				8D3F8996126AB22D00379B3F /* b2Island.cpp in Sources */,
				8D3F8997126AB22D00379B3F /* b2World.cpp in Sources */,
				8D3F8998126AB22D00379B3F /* b2WorldCallbacks.cpp in Sources */,
				8D3F8999126AB22D00379B3F /* b2CircleContact.cpp in Sources */,
				8D3F899A126AB22D00379B3F /* b2Contact.cpp in Sources */,
				8D3F899B126AB22D00379B3F /* b2ContactSolver.cpp in Sources */,
				8D3F899C126AB22D00379B3F /* b2EdgeAndCircleContact.cpp in Sources */,
				8D3F899D126AB22D00379B3F /* b2EdgeAndPolygonContact.cpp in Sources */,
				8D3F899E126AB22D00379B3F /* b2LoopAndCircleContact.cpp in Sources */,
				8D3F899F126AB22D00379B3F /* b2LoopAndPolygonContact.cpp in Sources */,
				8D3F89A0126AB22D00379B3F /* b2PolygonAndCircleContact.cpp in Sources */,
				8D3F89A1126AB22D00379B3F /* b2PolygonContact.cpp in Sources */,
				8D3F89A2126AB22D00379B3F /* b2DistanceJoint.cpp in Sources */,
				8D3F89A3126AB22D00379B3F /* b2FrictionJoint.cpp in Sources */,
				8D3F89A4126AB22D00379B3F /* b2GearJoint.cpp in Sources */,
				8D3F89A5126AB22D00379B3F /* b2Joint.cpp in Sources */,
				8D3F89A6126AB22D00379B3F /* b2LineJoint.cpp in Sources */,
				8D3F89A7126AB22D00379B3F /* b2MouseJoint.cpp in Sources */,
				8D3F89A8126AB22D00379B3F /* b2PrismaticJoint.cpp in Sources */,
				8D3F89A9126AB22D00379B3F /* b2PulleyJoint.cpp in Sources */,
				8D3F89AA126AB22D00379B3F /* b2RevoluteJoint.cpp in Sources */,
				8D3F89AB126AB22D00379B3F /* b2WeldJoint.cpp in Sources */,
				8D3F89D6126AC9B100379B3F /* NoteBall.m in Sources */,
				8DC9A2B8126B7B8800703E4B /* ModeAContactListener.m in Sources */,
			);
			runOnlyForDeploymentPostprocessing = 0;
		};
/* End PBXSourcesBuildPhase section */

/* Begin XCBuildConfiguration section */
		1D6058940D05DD3E006BFB54 /* Debug */ = {
			isa = XCBuildConfiguration;
			buildSettings = {
				ALWAYS_SEARCH_USER_PATHS = NO;
				COPY_PHASE_STRIP = NO;
				GCC_DYNAMIC_NO_PIC = NO;
				GCC_OPTIMIZATION_LEVEL = 0;
				GCC_PRECOMPILE_PREFIX_HEADER = YES;
				GCC_PREFIX_HEADER = Amos_Prefix.pch;
				INFOPLIST_FILE = "Amos-Info.plist";
				PRODUCT_NAME = Amos;
			};
			name = Debug;
		};
		1D6058950D05DD3E006BFB54 /* Release */ = {
			isa = XCBuildConfiguration;
			buildSettings = {
				ALWAYS_SEARCH_USER_PATHS = NO;
				COPY_PHASE_STRIP = YES;
				GCC_PRECOMPILE_PREFIX_HEADER = YES;
				GCC_PREFIX_HEADER = Amos_Prefix.pch;
				INFOPLIST_FILE = "Amos-Info.plist";
				PRODUCT_NAME = Amos;
				VALIDATE_PRODUCT = YES;
			};
			name = Release;
		};
		C01FCF4F08A954540054247B /* Debug */ = {
			isa = XCBuildConfiguration;
			buildSettings = {
				ARCHS = "$(ARCHS_UNIVERSAL_IPHONE_OS)";
				"CODE_SIGN_IDENTITY[sdk=iphoneos*]" = "iPhone Developer";
				GCC_C_LANGUAGE_STANDARD = c99;
				GCC_WARN_ABOUT_RETURN_TYPE = YES;
				GCC_WARN_UNUSED_VARIABLE = YES;
				HEADER_SEARCH_PATHS = "${PROJECT_DIR}";
				PREBINDING = NO;
				SDKROOT = iphoneos;
				TARGETED_DEVICE_FAMILY = 2;
			};
			name = Debug;
		};
		C01FCF5008A954540054247B /* Release */ = {
			isa = XCBuildConfiguration;
			buildSettings = {
				ARCHS = "$(ARCHS_UNIVERSAL_IPHONE_OS)";
				"CODE_SIGN_IDENTITY[sdk=iphoneos*]" = "iPhone Developer";
				GCC_C_LANGUAGE_STANDARD = c99;
				GCC_WARN_ABOUT_RETURN_TYPE = YES;
				GCC_WARN_UNUSED_VARIABLE = YES;
				OTHER_CFLAGS = "-DNS_BLOCK_ASSERTIONS=1";
				PREBINDING = NO;
				SDKROOT = iphoneos;
				TARGETED_DEVICE_FAMILY = 2;
			};
			name = Release;
		};
/* End XCBuildConfiguration section */

/* Begin XCConfigurationList section */
		1D6058960D05DD3E006BFB54 /* Build configuration list for PBXNativeTarget "Amos" */ = {
			isa = XCConfigurationList;
			buildConfigurations = (
				1D6058940D05DD3E006BFB54 /* Debug */,
				1D6058950D05DD3E006BFB54 /* Release */,
			);
			defaultConfigurationIsVisible = 0;
			defaultConfigurationName = Release;
		};
		C01FCF4E08A954540054247B /* Build configuration list for PBXProject "Amos" */ = {
			isa = XCConfigurationList;
			buildConfigurations = (
				C01FCF4F08A954540054247B /* Debug */,
				C01FCF5008A954540054247B /* Release */,
			);
			defaultConfigurationIsVisible = 0;
			defaultConfigurationName = Release;
		};
/* End XCConfigurationList section */
	};
	rootObject = 29B97313FDCFA39411CA2CEA /* Project object */;
}
